
Microsoft Visual Studio Solution File, Format Version 12.00
# Visual Studio 15
VisualStudioVersion = 15.0.26430.12
MinimumVisualStudioVersion = 10.0.40219.1
Project("{FAE04EC0-301F-11D3-BF4B-00C04F79EFBC}") = "RegexTest", "RegexTest\RegexTest.csproj", "{3465D24D-BBE2-4317-9A65-C24344125181}"
EndProject
Project("{FAE04EC0-301F-11D3-BF4B-00C04F79EFBC}") = "TiffTest", "TiffTest\TiffTest.csproj", "{885CA425-FECA-43D6-B1D2-154182F0E985}"
EndProject
Project("{FAE04EC0-301F-11D3-BF4B-00C04F79EFBC}") = "WpfApp1", "WpfApp1\WpfApp1.csproj", "{BF22785D-2260-42A7-87F4-1159C26A9F6F}"
EndProject
Project("{FAE04EC0-301F-11D3-BF4B-00C04F79EFBC}") = "JsonTest", "JsonTest\JsonTest.csproj", "{BC8249DC-5225-4452-A005-4939218569BF}"
EndProject
Project("{FAE04EC0-301F-11D3-BF4B-00C04F79EFBC}") = "test", "test\test.csproj", "{4CDF1AED-C376-448B-87A8-6C8FC4E56909}"
EndProject
Project("{FAE04EC0-301F-11D3-BF4B-00C04F79EFBC}") = "SocketClient", "SocketClient\SocketClient.csproj", "{D157BC30-0278-414F-A458-86F3B6DF6BCF}"
EndProject
Project("{FAE04EC0-301F-11D3-BF4B-00C04F79EFBC}") = "SocketServer", "SocketServer\SocketServer.csproj", "{941768AD-D8E2-4135-8FC2-84275D75FE3E}"
EndProject
Project("{2150E333-8FDC-42A3-9474-1A3956D46DE8}") = "MemoryMap", "MemoryMap", "{69BA4C62-95AA-494A-9DC2-992849606683}"
EndProject
Project("{FAE04EC0-301F-11D3-BF4B-00C04F79EFBC}") = "ConsoleApp1", "ConsoleApp1\ConsoleApp1.csproj", "{DA2286EC-5786-44BB-8CC5-9EC794CDAB2E}"
EndProject
Project("{FAE04EC0-301F-11D3-BF4B-00C04F79EFBC}") = "ConsoleApp2", "ConsoleApp2\ConsoleApp2.csproj", "{955DA423-3AB6-4BF7-A4FF-96F46625A988}"
EndProject
Project("{2150E333-8FDC-42A3-9474-1A3956D46DE8}") = "Pipe", "Pipe", "{57C28D10-903D-4E7B-A292-9141A655015E}"
EndProject
Project("{FAE04EC0-301F-11D3-BF4B-00C04F79EFBC}") = "Pipe1", "Pipe1\Pipe1.csproj", "{9AA28B92-8409-4920-BE88-79B13C0A41D1}"
EndProject
Project("{FAE04EC0-301F-11D3-BF4B-00C04F79EFBC}") = "Pipe2", "Pipe2\Pipe2.csproj", "{6CD027A8-FFA1-4974-B197-962D9C6E3B5C}"
EndProject
Project("{2150E333-8FDC-42A3-9474-1A3956D46DE8}") = "Remoting", "Remoting", "{F6A2A09D-07C3-4957-B727-A632681D5252}"
EndProject
Project("{FAE04EC0-301F-11D3-BF4B-00C04F79EFBC}") = "RemotingClient", "RemotingClient\RemotingClient.csproj", "{7F1E1765-F19D-483B-A9D7-8C7F5AA90E3F}"
EndProject
Project("{FAE04EC0-301F-11D3-BF4B-00C04F79EFBC}") = "RemotingServer", "RemotingServer\RemotingServer.csproj", "{57B311EF-DD3F-46EE-BA2E-D906E33C53CD}"
EndProject
Project("{FAE04EC0-301F-11D3-BF4B-00C04F79EFBC}") = "DataObj", "DataObj\DataObj.csproj", "{08ED5FE9-884D-47BE-8099-52928C2D01FC}"
EndProject
Project("{FAE04EC0-301F-11D3-BF4B-00C04F79EFBC}") = "WpfApp2", "WpfApp2\WpfApp2.csproj", "{757B59AE-081E-42AE-A2E3-C54BCB5A85F8}"
EndProject
Project("{FAE04EC0-301F-11D3-BF4B-00C04F79EFBC}") = "TaskTest", "TaskTest\TaskTest.csproj", "{B7A09D54-3006-4AC0-8316-B174138F634A}"
EndProject
Project("{FAE04EC0-301F-11D3-BF4B-00C04F79EFBC}") = "TimerTest", "TimerTest\TimerTest.csproj", "{336D92A1-DB1F-4E1A-B663-F0916F7E9F3D}"
EndProject
Project("{FAE04EC0-301F-11D3-BF4B-00C04F79EFBC}") = "LogTest", "LogTest\LogTest.csproj", "{81CD90EF-B5FF-42C2-8467-1EE7698769F8}"
EndProject
Project("{FAE04EC0-301F-11D3-BF4B-00C04F79EFBC}") = "LogTestDLL", "LogTestDLL\LogTestDLL.csproj", "{744A6C9F-28E0-4141-83AF-4E4DB6BF02C1}"
EndProject
Project("{FAE04EC0-301F-11D3-BF4B-00C04F79EFBC}") = "LogTestB", "LogTestB\LogTestB.csproj", "{BA932C8C-AC0D-4A6C-9F3E-037D93FB7B8B}"
EndProject
Global
	GlobalSection(SolutionConfigurationPlatforms) = preSolution
		Debug|Any CPU = Debug|Any CPU
		Release|Any CPU = Release|Any CPU
	EndGlobalSection
	GlobalSection(ProjectConfigurationPlatforms) = postSolution
		{3465D24D-BBE2-4317-9A65-C24344125181}.Debug|Any CPU.ActiveCfg = Debug|Any CPU
		{3465D24D-BBE2-4317-9A65-C24344125181}.Debug|Any CPU.Build.0 = Debug|Any CPU
		{3465D24D-BBE2-4317-9A65-C24344125181}.Release|Any CPU.ActiveCfg = Release|Any CPU
		{3465D24D-BBE2-4317-9A65-C24344125181}.Release|Any CPU.Build.0 = Release|Any CPU
		{885CA425-FECA-43D6-B1D2-154182F0E985}.Debug|Any CPU.ActiveCfg = Debug|Any CPU
		{885CA425-FECA-43D6-B1D2-154182F0E985}.Debug|Any CPU.Build.0 = Debug|Any CPU
		{885CA425-FECA-43D6-B1D2-154182F0E985}.Release|Any CPU.ActiveCfg = Release|Any CPU
		{885CA425-FECA-43D6-B1D2-154182F0E985}.Release|Any CPU.Build.0 = Release|Any CPU
		{BF22785D-2260-42A7-87F4-1159C26A9F6F}.Debug|Any CPU.ActiveCfg = Debug|Any CPU
		{BF22785D-2260-42A7-87F4-1159C26A9F6F}.Debug|Any CPU.Build.0 = Debug|Any CPU
		{BF22785D-2260-42A7-87F4-1159C26A9F6F}.Release|Any CPU.ActiveCfg = Release|Any CPU
		{BF22785D-2260-42A7-87F4-1159C26A9F6F}.Release|Any CPU.Build.0 = Release|Any CPU
		{BC8249DC-5225-4452-A005-4939218569BF}.Debug|Any CPU.ActiveCfg = Debug|Any CPU
		{BC8249DC-5225-4452-A005-4939218569BF}.Debug|Any CPU.Build.0 = Debug|Any CPU
		{BC8249DC-5225-4452-A005-4939218569BF}.Release|Any CPU.ActiveCfg = Release|Any CPU
		{BC8249DC-5225-4452-A005-4939218569BF}.Release|Any CPU.Build.0 = Release|Any CPU
		{4CDF1AED-C376-448B-87A8-6C8FC4E56909}.Debug|Any CPU.ActiveCfg = Debug|Any CPU
		{4CDF1AED-C376-448B-87A8-6C8FC4E56909}.Debug|Any CPU.Build.0 = Debug|Any CPU
		{4CDF1AED-C376-448B-87A8-6C8FC4E56909}.Release|Any CPU.ActiveCfg = Release|Any CPU
		{4CDF1AED-C376-448B-87A8-6C8FC4E56909}.Release|Any CPU.Build.0 = Release|Any CPU
		{D157BC30-0278-414F-A458-86F3B6DF6BCF}.Debug|Any CPU.ActiveCfg = Debug|Any CPU
		{D157BC30-0278-414F-A458-86F3B6DF6BCF}.Debug|Any CPU.Build.0 = Debug|Any CPU
		{D157BC30-0278-414F-A458-86F3B6DF6BCF}.Release|Any CPU.ActiveCfg = Release|Any CPU
		{D157BC30-0278-414F-A458-86F3B6DF6BCF}.Release|Any CPU.Build.0 = Release|Any CPU
		{941768AD-D8E2-4135-8FC2-84275D75FE3E}.Debug|Any CPU.ActiveCfg = Debug|Any CPU
		{941768AD-D8E2-4135-8FC2-84275D75FE3E}.Debug|Any CPU.Build.0 = Debug|Any CPU
		{941768AD-D8E2-4135-8FC2-84275D75FE3E}.Release|Any CPU.ActiveCfg = Release|Any CPU
		{941768AD-D8E2-4135-8FC2-84275D75FE3E}.Release|Any CPU.Build.0 = Release|Any CPU
		{DA2286EC-5786-44BB-8CC5-9EC794CDAB2E}.Debug|Any CPU.ActiveCfg = Debug|Any CPU
		{DA2286EC-5786-44BB-8CC5-9EC794CDAB2E}.Debug|Any CPU.Build.0 = Debug|Any CPU
		{DA2286EC-5786-44BB-8CC5-9EC794CDAB2E}.Release|Any CPU.ActiveCfg = Release|Any CPU
		{DA2286EC-5786-44BB-8CC5-9EC794CDAB2E}.Release|Any CPU.Build.0 = Release|Any CPU
		{955DA423-3AB6-4BF7-A4FF-96F46625A988}.Debug|Any CPU.ActiveCfg = Debug|Any CPU
		{955DA423-3AB6-4BF7-A4FF-96F46625A988}.Debug|Any CPU.Build.0 = Debug|Any CPU
		{955DA423-3AB6-4BF7-A4FF-96F46625A988}.Release|Any CPU.ActiveCfg = Release|Any CPU
		{955DA423-3AB6-4BF7-A4FF-96F46625A988}.Release|Any CPU.Build.0 = Release|Any CPU
		{9AA28B92-8409-4920-BE88-79B13C0A41D1}.Debug|Any CPU.ActiveCfg = Debug|Any CPU
		{9AA28B92-8409-4920-BE88-79B13C0A41D1}.Debug|Any CPU.Build.0 = Debug|Any CPU
		{9AA28B92-8409-4920-BE88-79B13C0A41D1}.Release|Any CPU.ActiveCfg = Release|Any CPU
		{9AA28B92-8409-4920-BE88-79B13C0A41D1}.Release|Any CPU.Build.0 = Release|Any CPU
		{6CD027A8-FFA1-4974-B197-962D9C6E3B5C}.Debug|Any CPU.ActiveCfg = Debug|Any CPU
		{6CD027A8-FFA1-4974-B197-962D9C6E3B5C}.Debug|Any CPU.Build.0 = Debug|Any CPU
		{6CD027A8-FFA1-4974-B197-962D9C6E3B5C}.Release|Any CPU.ActiveCfg = Release|Any CPU
		{6CD027A8-FFA1-4974-B197-962D9C6E3B5C}.Release|Any CPU.Build.0 = Release|Any CPU
		{7F1E1765-F19D-483B-A9D7-8C7F5AA90E3F}.Debug|Any CPU.ActiveCfg = Debug|Any CPU
		{7F1E1765-F19D-483B-A9D7-8C7F5AA90E3F}.Debug|Any CPU.Build.0 = Debug|Any CPU
		{7F1E1765-F19D-483B-A9D7-8C7F5AA90E3F}.Release|Any CPU.ActiveCfg = Release|Any CPU
		{7F1E1765-F19D-483B-A9D7-8C7F5AA90E3F}.Release|Any CPU.Build.0 = Release|Any CPU
		{57B311EF-DD3F-46EE-BA2E-D906E33C53CD}.Debug|Any CPU.ActiveCfg = Debug|Any CPU
		{57B311EF-DD3F-46EE-BA2E-D906E33C53CD}.Debug|Any CPU.Build.0 = Debug|Any CPU
		{57B311EF-DD3F-46EE-BA2E-D906E33C53CD}.Release|Any CPU.ActiveCfg = Release|Any CPU
		{57B311EF-DD3F-46EE-BA2E-D906E33C53CD}.Release|Any CPU.Build.0 = Release|Any CPU
		{08ED5FE9-884D-47BE-8099-52928C2D01FC}.Debug|Any CPU.ActiveCfg = Debug|Any CPU
		{08ED5FE9-884D-47BE-8099-52928C2D01FC}.Debug|Any CPU.Build.0 = Debug|Any CPU
		{08ED5FE9-884D-47BE-8099-52928C2D01FC}.Release|Any CPU.ActiveCfg = Release|Any CPU
		{08ED5FE9-884D-47BE-8099-52928C2D01FC}.Release|Any CPU.Build.0 = Release|Any CPU
		{757B59AE-081E-42AE-A2E3-C54BCB5A85F8}.Debug|Any CPU.ActiveCfg = Debug|Any CPU
		{757B59AE-081E-42AE-A2E3-C54BCB5A85F8}.Debug|Any CPU.Build.0 = Debug|Any CPU
		{757B59AE-081E-42AE-A2E3-C54BCB5A85F8}.Release|Any CPU.ActiveCfg = Release|Any CPU
		{757B59AE-081E-42AE-A2E3-C54BCB5A85F8}.Release|Any CPU.Build.0 = Release|Any CPU
		{B7A09D54-3006-4AC0-8316-B174138F634A}.Debug|Any CPU.ActiveCfg = Debug|Any CPU
		{B7A09D54-3006-4AC0-8316-B174138F634A}.Debug|Any CPU.Build.0 = Debug|Any CPU
		{B7A09D54-3006-4AC0-8316-B174138F634A}.Release|Any CPU.ActiveCfg = Release|Any CPU
		{B7A09D54-3006-4AC0-8316-B174138F634A}.Release|Any CPU.Build.0 = Release|Any CPU
		{336D92A1-DB1F-4E1A-B663-F0916F7E9F3D}.Debug|Any CPU.ActiveCfg = Debug|Any CPU
		{336D92A1-DB1F-4E1A-B663-F0916F7E9F3D}.Debug|Any CPU.Build.0 = Debug|Any CPU
		{336D92A1-DB1F-4E1A-B663-F0916F7E9F3D}.Release|Any CPU.ActiveCfg = Release|Any CPU
		{336D92A1-DB1F-4E1A-B663-F0916F7E9F3D}.Release|Any CPU.Build.0 = Release|Any CPU
		{81CD90EF-B5FF-42C2-8467-1EE7698769F8}.Debug|Any CPU.ActiveCfg = Debug|Any CPU
		{81CD90EF-B5FF-42C2-8467-1EE7698769F8}.Debug|Any CPU.Build.0 = Debug|Any CPU
		{81CD90EF-B5FF-42C2-8467-1EE7698769F8}.Release|Any CPU.ActiveCfg = Release|Any CPU
		{81CD90EF-B5FF-42C2-8467-1EE7698769F8}.Release|Any CPU.Build.0 = Release|Any CPU
		{744A6C9F-28E0-4141-83AF-4E4DB6BF02C1}.Debug|Any CPU.ActiveCfg = Debug|Any CPU
		{744A6C9F-28E0-4141-83AF-4E4DB6BF02C1}.Debug|Any CPU.Build.0 = Debug|Any CPU
		{744A6C9F-28E0-4141-83AF-4E4DB6BF02C1}.Release|Any CPU.ActiveCfg = Release|Any CPU
		{744A6C9F-28E0-4141-83AF-4E4DB6BF02C1}.Release|Any CPU.Build.0 = Release|Any CPU
		{BA932C8C-AC0D-4A6C-9F3E-037D93FB7B8B}.Debug|Any CPU.ActiveCfg = Debug|Any CPU
		{BA932C8C-AC0D-4A6C-9F3E-037D93FB7B8B}.Debug|Any CPU.Build.0 = Debug|Any CPU
		{BA932C8C-AC0D-4A6C-9F3E-037D93FB7B8B}.Release|Any CPU.ActiveCfg = Release|Any CPU
		{BA932C8C-AC0D-4A6C-9F3E-037D93FB7B8B}.Release|Any CPU.Build.0 = Release|Any CPU
	EndGlobalSection
	GlobalSection(SolutionProperties) = preSolution
		HideSolutionNode = FALSE
	EndGlobalSection
	GlobalSection(NestedProjects) = preSolution
		{DA2286EC-5786-44BB-8CC5-9EC794CDAB2E} = {69BA4C62-95AA-494A-9DC2-992849606683}
		{955DA423-3AB6-4BF7-A4FF-96F46625A988} = {69BA4C62-95AA-494A-9DC2-992849606683}
		{9AA28B92-8409-4920-BE88-79B13C0A41D1} = {57C28D10-903D-4E7B-A292-9141A655015E}
		{6CD027A8-FFA1-4974-B197-962D9C6E3B5C} = {57C28D10-903D-4E7B-A292-9141A655015E}
		{7F1E1765-F19D-483B-A9D7-8C7F5AA90E3F} = {F6A2A09D-07C3-4957-B727-A632681D5252}
		{57B311EF-DD3F-46EE-BA2E-D906E33C53CD} = {F6A2A09D-07C3-4957-B727-A632681D5252}
		{08ED5FE9-884D-47BE-8099-52928C2D01FC} = {F6A2A09D-07C3-4957-B727-A632681D5252}
	EndGlobalSection
	GlobalSection(ExtensibilityGlobals) = postSolution
		SolutionGuid = {7E52181B-C6E6-427D-8EE7-9D3144BC95D3}
	EndGlobalSection
EndGlobal
